{
  "requires": true,
  "lockfileVersion": 1,
  "dependencies": {
    "react-auto-translate": {
      "version": "0.0.6",
      "resolved": "https://registry.npmjs.org/react-auto-translate/-/react-auto-translate-0.0.6.tgz",
      "integrity": "sha512-6peT9hlmiHGPUd98t13Xs+5pc5nB5d6wIhAMYDZSR7L5USVig7LVWQh0dGs3Rm6lVjimjjbvplBl13uhnEW7cQ=="
    }
  }
}
